
Microsoft Visual Studio Solution File, Format Version 12.00
# Visual Studio Version 17
VisualStudioVersion = 17.10.35004.147
MinimumVisualStudioVersion = 10.0.40219.1
Project("{FAE04EC0-301F-11D3-BF4B-00C04F79EFBC}") = "Bai8_PhepTinhCoBan_radioButton", "Bai8_PhepTinhCoBan_radioButton.csproj", "{DBBD516A-871C-47E6-BABD-4589A3D8C602}"
EndProject
Global
	GlobalSection(SolutionConfigurationPlatforms) = preSolution
		Debug|Any CPU = Debug|Any CPU
		Release|Any CPU = Release|Any CPU
	EndGlobalSection
	GlobalSection(ProjectConfigurationPlatforms) = postSolution
		{DBBD516A-871C-47E6-BABD-4589A3D8C602}.Debug|Any CPU.ActiveCfg = Debug|Any CPU
		{DBBD516A-871C-47E6-BABD-4589A3D8C602}.Debug|Any CPU.Build.0 = Debug|Any CPU
		{DBBD516A-871C-47E6-BABD-4589A3D8C602}.Release|Any CPU.ActiveCfg = Release|Any CPU
		{DBBD516A-871C-47E6-BABD-4589A3D8C602}.Release|Any CPU.Build.0 = Release|Any CPU
	EndGlobalSection
	GlobalSection(SolutionProperties) = preSolution
		HideSolutionNode = FALSE
	EndGlobalSection
	GlobalSection(ExtensibilityGlobals) = postSolution
		SolutionGuid = {0185EAA5-693F-4526-96C6-66B6A5882D6F}
	EndGlobalSection
EndGlobal
